{
  "name": "@vcl/vcl",
  "version": "0.7.0-alpha.3",
  "lockfileVersion": 1,
  "requires": true,
  "dependencies": {
    "@fortawesome/fontawesome-free": {
      "version": "5.12.0",
      "resolved": "https://registry.npmjs.org/@fortawesome/fontawesome-free/-/fontawesome-free-5.12.0.tgz",
      "integrity": "sha512-vKDJUuE2GAdBERaQWmmtsciAMzjwNrROXA5KTGSZvayAsmuTGjam5z6QNqNPCwDfVljLWuov1nEC3mEQf/n6fQ=="
    },
    "@mdi/font": {
      "version": "3.5.94",
      "resolved": "https://registry.npmjs.org/@mdi/font/-/font-3.5.94.tgz",
      "integrity": "sha512-FW8QeI5EGIFMphxNUrHWJLM9g2FtqHMIYEu1ScAj4KmxXl6kdoEri1GUTaR4vNb5OYxjn4Aa29Lpxre3KMzNAw=="
    },
    "@vcl/adv-text-structure": {
      "version": "0.7.0-alpha.1",
      "resolved": "https://registry.npmjs.org/@vcl/adv-text-structure/-/adv-text-structure-0.7.0-alpha.1.tgz",
      "integrity": "sha512-uoczp8HVfMYX72rGqz7F2iDu72JhWlFVDh8gN0WvLrKLNTVpS+QMEGfY312eK6KCDqOWdG7PTGYpSoJbqtzZkg==",
      "requires": {
        "@vcl/theme": "^0.7.0-alpha.1"
      }
    },
    "@vcl/app-area": {
      "version": "0.7.0-alpha.1",
      "resolved": "https://registry.npmjs.org/@vcl/app-area/-/app-area-0.7.0-alpha.1.tgz",
      "integrity": "sha512-5y5UL3qSLp/T5/nRB+gbgmw+wEkUC5KVCmaUSe1T0XRCG+TknNONGQU6mqxfb0vr20w1IJd+DWBefqQXc3R18g==",
      "requires": {
        "@vcl/theme": "^0.7.0-alpha.1"
      }
    },
    "@vcl/app-content-area": {
      "version": "0.7.0-alpha.1",
      "resolved": "https://registry.npmjs.org/@vcl/app-content-area/-/app-content-area-0.7.0-alpha.1.tgz",
      "integrity": "sha512-DNMDxe0QG7wFpfNlLwxgID3KC5mKeJ8GIrNeM9hK0oRbFDG4+gw1ZF4QhCeM4XU0NmsmpyunClxj/epqsbx1Uw==",
      "requires": {
        "@vcl/theme": "^0.7.0-alpha.1"
      }
    },
    "@vcl/app-footer": {
      "version": "0.7.0-alpha.1",
      "resolved": "https://registry.npmjs.org/@vcl/app-footer/-/app-footer-0.7.0-alpha.1.tgz",
      "integrity": "sha512-87jtglI3FtoN+zk6ay5jE1am+wKvg8EMhhCBd1FkYP6oLI4LDin/THJm93jN8u4R5HPW2rGxhjuoThMRi/IK6g==",
      "requires": {
        "@vcl/theme": "^0.7.0-alpha.1"
      }
    },
    "@vcl/app-header": {
      "version": "0.7.0-alpha.1",
      "resolved": "https://registry.npmjs.org/@vcl/app-header/-/app-header-0.7.0-alpha.1.tgz",
      "integrity": "sha512-tExhje8uMx3tE3NWLRiCJBv+10N6KzY53bConQbdWakyEEPXDhE40ZZSvTpjmoL83z8R0/dbKG8HvpZajvf9TQ==",
      "requires": {
        "@vcl/theme": "^0.7.0-alpha.1"
      }
    },
    "@vcl/badge": {
      "version": "0.7.0-alpha.1",
      "resolved": "https://registry.npmjs.org/@vcl/badge/-/badge-0.7.0-alpha.1.tgz",
      "integrity": "sha512-TRmEMRDuhijld8AY6Gca6c8l2OmB15BfnxHHbJvtSwTCGuBm7YXmHS4lN2+8X7jDLjIc1E4q3UtOpmTdZEjUBg==",
      "requires": {
        "@vcl/theme": "^0.7.0-alpha.1"
      }
    },
    "@vcl/blog": {
      "version": "0.7.0-alpha.1",
      "resolved": "https://registry.npmjs.org/@vcl/blog/-/blog-0.7.0-alpha.1.tgz",
      "integrity": "sha512-beuNJkmt9C8UyA77hX5KReyfh0uXDt68f8YWdFalO2/sntBdT9g8/43rjwyunq1b7ekBHyz8YOq8UkUxdA0UWQ==",
      "requires": {
        "@vcl/theme": "^0.7.0-alpha.1"
      }
    },
    "@vcl/breadcrumb": {
      "version": "0.7.0-alpha.1",
      "resolved": "https://registry.npmjs.org/@vcl/breadcrumb/-/breadcrumb-0.7.0-alpha.1.tgz",
      "integrity": "sha512-cwt7ijRCopNmcTiRI/7Ks7zNQEzEo7GfbJSwEZ2AfxmIwad4gQ18t1ZB0Nmk8ch4llAcgj/qgPWzexLqpWlkWw==",
      "requires": {
        "@vcl/theme": "^0.7.0-alpha.1"
      }
    },
    "@vcl/breakpoints": {
      "version": "0.7.0-alpha.1",
      "resolved": "https://registry.npmjs.org/@vcl/breakpoints/-/breakpoints-0.7.0-alpha.1.tgz",
      "integrity": "sha512-XRnTdJr5ps9d3pfh+A3+rpWmv1H0KKJrBp7JCxCb/Kuy+AqJ0FvVXrZv1VKRjaxl+pHJY3qp2NuGgB2DcSg1yw==",
      "requires": {
        "@vcl/theme": "^0.7.0-alpha.1"
      }
    },
    "@vcl/busy-indicator": {
      "version": "0.7.0-alpha.1",
      "resolved": "https://registry.npmjs.org/@vcl/busy-indicator/-/busy-indicator-0.7.0-alpha.1.tgz",
      "integrity": "sha512-pWOM0Cnz1Npn0cqI/EVcfeTLs5g/Ojh6OfbtJtszoJYvm8vyz7iCwL5FuHyUZhReYhbtvy4RqGw/mmE5YTpVNw==",
      "requires": {
        "@vcl/theme": "^0.7.0-alpha.1",
        "normalize.css": "8.0.1"
      }
    },
    "@vcl/button": {
      "version": "0.7.0-alpha.1",
      "resolved": "https://registry.npmjs.org/@vcl/button/-/button-0.7.0-alpha.1.tgz",
      "integrity": "sha512-Ye6BynhVjUrcPOKUwn6FbwbVqyn3YZmd67LycBrcIqRZTEgcxciNfmcN7YCZt1PHHhW6Ya9XVMIecq0vwfp8eQ==",
      "requires": {
        "@vcl/theme": "^0.7.0-alpha.1",
        "normalize.css": "8.0.1"
      }
    },
    "@vcl/button-group": {
      "version": "0.7.0-alpha.1",
      "resolved": "https://registry.npmjs.org/@vcl/button-group/-/button-group-0.7.0-alpha.1.tgz",
      "integrity": "sha512-Vc5XtY0vbQ174YKFkGFnJNzGrrsA3/JJNaEEkz76T6tffPE3G/ymTIsPVuNafK5fnDYXJ3nLqistvPv+DZpMng==",
      "requires": {
        "@vcl/theme": "^0.7.0-alpha.1"
      }
    },
    "@vcl/bw-theme": {
      "version": "0.7.0-alpha.1",
      "resolved": "https://registry.npmjs.org/@vcl/bw-theme/-/bw-theme-0.7.0-alpha.1.tgz",
      "integrity": "sha512-pcOwc1pPDtJozcCBoe1CELneA/+U0/rfxW9UhO5672jSt33inhnGLPHoXDDfjxdKsBeTi9fj1q/DJ37PjRxsaw==",
      "requires": {
        "@vcl/theme": "^0.7.0-alpha.1"
      }
    },
    "@vcl/calendar": {
      "version": "0.7.0-alpha.1",
      "resolved": "https://registry.npmjs.org/@vcl/calendar/-/calendar-0.7.0-alpha.1.tgz",
      "integrity": "sha512-/KUCnUiIf8mgjNbj3jHs7zYFP53o1gEpLGfQkHZ0ibbIKrlfUKKVnQIQnFfG++HSxyRHeuBopwncKzl9jdNfDw==",
      "requires": {
        "@vcl/theme": "^0.7.0-alpha.1"
      }
    },
    "@vcl/callout": {
      "version": "0.7.0-alpha.1",
      "resolved": "https://registry.npmjs.org/@vcl/callout/-/callout-0.7.0-alpha.1.tgz",
      "integrity": "sha512-LaH3iMIx2FmzZSk099rqe5LRPl3gco64nwJlaSQ5G+ECkS1By9807AUVb89CsS+UGAdp2G74mADPk2o0JvcMVQ==",
      "requires": {
        "@vcl/theme": "^0.7.0-alpha.1"
      }
    },
    "@vcl/checkbox": {
      "version": "0.7.0-alpha.1",
      "resolved": "https://registry.npmjs.org/@vcl/checkbox/-/checkbox-0.7.0-alpha.1.tgz",
      "integrity": "sha512-4ANGzHSOl1vWxqW/u+JF0j7p8r/f5eAVD++KC72PHr3345v/zRuiv556TiZs799WdCf9Mfd7FeekUYaEYPC2HQ==",
      "requires": {
        "@vcl/theme": "^0.7.0-alpha.1"
      }
    },
    "@vcl/container": {
      "version": "0.7.0-alpha.1",
      "resolved": "https://registry.npmjs.org/@vcl/container/-/container-0.7.0-alpha.1.tgz",
      "integrity": "sha512-aYhJFSaPM9AsWKlKxwQTy4YuWLo4MnVzhMGadKRXNs0scaWYYiOd8M904J03EVMyEiUxBASCGrAKwTrLelBpBQ==",
      "requires": {
        "@vcl/theme": "^0.7.0-alpha.1"
      }
    },
    "@vcl/data-grid": {
      "version": "0.7.0-alpha.1",
      "resolved": "https://registry.npmjs.org/@vcl/data-grid/-/data-grid-0.7.0-alpha.1.tgz",
      "integrity": "sha512-1C3pcD2S28jPPOTco1C4jwP6eeL/bP1Z2GmCO8q3YFg2EAhAXTZgAJvwbvoYPa0Sor5+IHPzfBVQixUnX6cNgw==",
      "requires": {
        "@vcl/theme": "^0.7.0-alpha.1"
      }
    },
    "@vcl/data-list": {
      "version": "0.7.0-alpha.1",
      "resolved": "https://registry.npmjs.org/@vcl/data-list/-/data-list-0.7.0-alpha.1.tgz",
      "integrity": "sha512-WTuuJ4i0O2nwsbI96G/BN7RwPh90ktgWD1G3VLFuhkQE8yHcpX3NcHsIfLR1wJWQW3cbR9r+BhSzO8RJR0EH8w==",
      "requires": {
        "@vcl/theme": "^0.7.0-alpha.1"
      }
    },
    "@vcl/data-tree": {
      "version": "0.7.0-alpha.1",
      "resolved": "https://registry.npmjs.org/@vcl/data-tree/-/data-tree-0.7.0-alpha.1.tgz",
      "integrity": "sha512-dHsCcOsFoky6+qauWG3Tz8WJ+z0p+AwP7iSXK+8IlY+AhM1qZzT27CzobzsMZJ/gwTrx9XQlIFc78AuFZHH+zw==",
      "requires": {
        "@vcl/theme": "^0.7.0-alpha.1"
      }
    },
    "@vcl/date-picker": {
      "version": "0.7.0-alpha.1",
      "resolved": "https://registry.npmjs.org/@vcl/date-picker/-/date-picker-0.7.0-alpha.1.tgz",
      "integrity": "sha512-/OdiVxuxccjtuomTWe1XXOMOUcgwynGWQj12jk/LpD2skrKMzl7xBXfAHdUbQaEP7DeSNRl9K8zCpkcKeAQdJA==",
      "requires": {
        "@vcl/theme": "^0.7.0-alpha.1"
      }
    },
    "@vcl/divider": {
      "version": "0.7.0-alpha.1",
      "resolved": "https://registry.npmjs.org/@vcl/divider/-/divider-0.7.0-alpha.1.tgz",
      "integrity": "sha512-U16cZan/raX4w7FdOjqtY55U/BHc5npPR/8dp2N6s5SYUJkoHd8bQnv2GwAHZGEsYjtt4P6msijSDKeaoTwtiQ==",
      "requires": {
        "@vcl/theme": "^0.7.0-alpha.1"
      }
    },
    "@vcl/drawer": {
      "version": "0.7.0-alpha.1",
      "resolved": "https://registry.npmjs.org/@vcl/drawer/-/drawer-0.7.0-alpha.1.tgz",
      "integrity": "sha512-XTu+FGapKlPbAgQz7rmrqrNblaU/5gFu1OSE146Y+0tek3iHBivV3/OP7JA7OU0whAQpmniZLIFfrzYswy7feg==",
      "requires": {
        "@vcl/theme": "^0.7.0-alpha.1"
      }
    },
    "@vcl/dropdown": {
      "version": "0.7.0-alpha.1",
      "resolved": "https://registry.npmjs.org/@vcl/dropdown/-/dropdown-0.7.0-alpha.1.tgz",
      "integrity": "sha512-jwwi+e8jruVCKjJrBDjlEDIp2F59VQQdKH2gJNQJS660sM7Nh36x1bvHrn9d2dYQC9JOCb4RoM0xqOPGb4/c3Q==",
      "requires": {
        "@vcl/theme": "^0.7.0-alpha.1",
        "normalize.css": "8.0.1"
      }
    },
    "@vcl/effects": {
      "version": "0.7.0-alpha.1",
      "resolved": "https://registry.npmjs.org/@vcl/effects/-/effects-0.7.0-alpha.1.tgz",
      "integrity": "sha512-XjOxpYIvWJ/RoRAepEiALrXKyF9l8EGEvMJ5Zqr0VVMqT6dwQeyq/B9XoCx/C46Evnu01NNN3bGRp3NaWabj3A==",
      "requires": {
        "@vcl/theme": "^0.7.0-alpha.1"
      }
    },
    "@vcl/email": {
      "version": "0.7.0-alpha.1",
      "resolved": "https://registry.npmjs.org/@vcl/email/-/email-0.7.0-alpha.1.tgz",
      "integrity": "sha512-9tcXTV7NRFxjNoHD5hfILRB5diWqwdEGSPmHrfvyj8jXuntZcf94a7sq1ee4ORZwjoMtjBwJuVjdk7nnhAiLfA==",
      "requires": {
        "@vcl/theme": "^0.7.0-alpha.1",
        "normalize.css": "8.0.1"
      }
    },
    "@vcl/embedded-input-button": {
      "version": "0.7.0-alpha.1",
      "resolved": "https://registry.npmjs.org/@vcl/embedded-input-button/-/embedded-input-button-0.7.0-alpha.1.tgz",
      "integrity": "sha512-NZsAIaEfWuMYfbvzcHx7+pGf+ZwUAwITvN+UrcFRG/nJ8mUxprsf3Ivzcv6Y0ohvPnwEXrngyXmzLYdrhQpcJg==",
      "requires": {
        "@vcl/theme": "^0.7.0-alpha.1"
      }
    },
    "@vcl/fieldset": {
      "version": "0.7.0-alpha.1",
      "resolved": "https://registry.npmjs.org/@vcl/fieldset/-/fieldset-0.7.0-alpha.1.tgz",
      "integrity": "sha512-GBiVQZjkIWQhF4LFkXtsIy9+HOWU1nQAHDjpbC2xJkikFOReJC6eZZgPUlPZBsRkfQB45Oq0qjmjlyjFuPNPvA==",
      "requires": {
        "@vcl/theme": "^0.7.0-alpha.1"
      }
    },
    "@vcl/figure": {
      "version": "0.7.0-alpha.1",
      "resolved": "https://registry.npmjs.org/@vcl/figure/-/figure-0.7.0-alpha.1.tgz",
      "integrity": "sha512-E3durSCbbFTBnowf+2g1b+LbGOQCd/crkGlptFJTWq3QQ4AIVrbNULxeoOgs5cgvroVVV/KBTxtz+3Zr67/ang==",
      "requires": {
        "@vcl/theme": "^0.7.0-alpha.1"
      }
    },
    "@vcl/file-input": {
      "version": "0.7.0-alpha.1",
      "resolved": "https://registry.npmjs.org/@vcl/file-input/-/file-input-0.7.0-alpha.1.tgz",
      "integrity": "sha512-rDjzjL9X4fMohDRtpwYWOGqfYMzTWjeeM0uhfqGx9JWzf7toSWb8j93baZy8p7RfjxA85PeMQ4O3l5g1OSjeaw==",
      "requires": {
        "@vcl/theme": "^0.7.0-alpha.1",
        "normalize.css": "8.0.1"
      }
    },
    "@vcl/flex-grid": {
      "version": "0.7.0-alpha.1",
      "resolved": "https://registry.npmjs.org/@vcl/flex-grid/-/flex-grid-0.7.0-alpha.1.tgz",
      "integrity": "sha512-a11zMMkDXevVu4ue7/+X6b+O22H3AI7bsNcOpJbxV0lcoKDnpi9Qrk4XdcNGNBNcPwmw6hrPjhHWWc1zKr4kDw==",
      "requires": {
        "@vcl/theme": "^0.7.0-alpha.1"
      }
    },
    "@vcl/flex-layout": {
      "version": "0.7.0-alpha.1",
      "resolved": "https://registry.npmjs.org/@vcl/flex-layout/-/flex-layout-0.7.0-alpha.1.tgz",
      "integrity": "sha512-zqf0Fbf8Dhvee4ln7vN47g9pwBdbjawF7LZ2ZXyPB3Ezenohc6fl3/CCDUnUYsXOSxptHPzMO/+6qrpjONJNIw==",
      "requires": {
        "@vcl/theme": "^0.7.0-alpha.1"
      }
    },
    "@vcl/flip-switch": {
      "version": "0.7.0-alpha.1",
      "resolved": "https://registry.npmjs.org/@vcl/flip-switch/-/flip-switch-0.7.0-alpha.1.tgz",
      "integrity": "sha512-OPDOsZZEg8i55LYGdZsZOwqmc8PvOIC5SB78Nxd7IZO9GrSxVwNQT+t0kwL2lCFCSBr59YhuyujQlM0r9eXKZA==",
      "requires": {
        "@vcl/theme": "^0.7.0-alpha.1"
      }
    },
    "@vcl/font-awesome": {
      "version": "0.7.0-alpha.1",
      "resolved": "https://registry.npmjs.org/@vcl/font-awesome/-/font-awesome-0.7.0-alpha.1.tgz",
      "integrity": "sha512-t/Of+nF0IZO+HWE4czRLuX39wQ5alg/8NnV/Z1aJcP62CqJRDvI6iPGhGQzwdVdWqfsY71FOYJLIZjmH8WLwaA==",
      "requires": {
        "@fortawesome/fontawesome-free": "^5.7.2",
        "@vcl/theme": "^0.7.0-alpha.1"
      }
    },
    "@vcl/form": {
      "version": "0.7.0-alpha.1",
      "resolved": "https://registry.npmjs.org/@vcl/form/-/form-0.7.0-alpha.1.tgz",
      "integrity": "sha512-cyBqCg0mb8gk1WwjaDSf/PG4lLojJARwMgxc2+EJ3qMIpuXjQc9Gy83GiNCZZQC076bB6plFAWy+ilht1BwIYQ==",
      "requires": {
        "@vcl/icogram": "^0.7.0-alpha.1",
        "@vcl/icon": "^0.7.0-alpha.1",
        "@vcl/theme": "^0.7.0-alpha.1"
      }
    },
    "@vcl/form-control-label": {
      "version": "0.7.0-alpha.1",
      "resolved": "https://registry.npmjs.org/@vcl/form-control-label/-/form-control-label-0.7.0-alpha.1.tgz",
      "integrity": "sha512-cC1FIHRGFr8jvsdKqEEAGEb5qXRKJSJKHFFJG3gvflbbKTsPNkf9HRW2ofLRrx+BJ51EREsbRQSUntcv167AjQ==",
      "requires": {
        "@vcl/form": "^0.7.0-alpha.1",
        "@vcl/theme": "^0.7.0-alpha.1"
      }
    },
    "@vcl/gallery": {
      "version": "0.7.0-alpha.1",
      "resolved": "https://registry.npmjs.org/@vcl/gallery/-/gallery-0.7.0-alpha.1.tgz",
      "integrity": "sha512-8/CeD2A13fvfwbwMu2sVZdpxB7zccDHPKvKzVfLTQCiT/Yvu48qTOamIUui8E6g8i4b12w12ZNMX3OUe9BbDDQ==",
      "requires": {
        "@vcl/theme": "^0.7.0-alpha.1"
      }
    },
    "@vcl/go-to-top": {
      "version": "0.7.0-alpha.1",
      "resolved": "https://registry.npmjs.org/@vcl/go-to-top/-/go-to-top-0.7.0-alpha.1.tgz",
      "integrity": "sha512-wbCA+m+rtEFMqZHVy0aWK9DyfY9B2yG3JLm4kagAWyK6C0aGrvlQ0xgE/s3bs++/IScRWVBb5EG3EPmaVBFIhw==",
      "requires": {
        "@vcl/theme": "^0.7.0-alpha.1"
      }
    },
    "@vcl/grid": {
      "version": "0.7.0-alpha.1",
      "resolved": "https://registry.npmjs.org/@vcl/grid/-/grid-0.7.0-alpha.1.tgz",
      "integrity": "sha512-j970keVhboXFc2LJyQLQQ8YsXkEQYOyrb1VOWL5KuI3zZfv18HWYPlGS4FLvPnPaRAnM5io1AFq/QvuqEFFVGQ==",
      "requires": {
        "@vcl/theme": "^0.7.0-alpha.1"
      }
    },
    "@vcl/icogram": {
      "version": "0.7.0-alpha.1",
      "resolved": "https://registry.npmjs.org/@vcl/icogram/-/icogram-0.7.0-alpha.1.tgz",
      "integrity": "sha512-kWCEEmptP9N9+gQJMC9k0m6BPOKFb30cPY8X2pA3cWNwNaA9w9RS2lX4a+B6+BCtsUAeIF0dl5NYtV2P6KGLlA==",
      "requires": {
        "@vcl/icon": "^0.7.0-alpha.1",
        "@vcl/theme": "^0.7.0-alpha.1"
      }
    },
    "@vcl/icon": {
      "version": "0.7.0-alpha.1",
      "resolved": "https://registry.npmjs.org/@vcl/icon/-/icon-0.7.0-alpha.1.tgz",
      "integrity": "sha512-CKl5CxQy6j+trD5wRDItrFs7eAQhAlS6nlCx8Mq9uKLOftEsibJLpjJk2HTv3rLufa+ULDfrypvTZgHCIzohng==",
      "requires": {
        "@vcl/theme": "^0.7.0-alpha.1",
        "normalize.css": "8.0.1"
      }
    },
    "@vcl/image-shapes": {
      "version": "0.7.0-alpha.1",
      "resolved": "https://registry.npmjs.org/@vcl/image-shapes/-/image-shapes-0.7.0-alpha.1.tgz",
      "integrity": "sha512-d42TEp2vd8q7bB3Ayk5hCyIjS5i1cIptvQXDTV6L9tI/CzsJn5sXw11kevECqhosqLKFYfvnnQvZI17TdDvHXA==",
      "requires": {
        "@vcl/theme": "^0.7.0-alpha.1"
      }
    },
    "@vcl/info-overlay": {
      "version": "0.7.0-alpha.1",
      "resolved": "https://registry.npmjs.org/@vcl/info-overlay/-/info-overlay-0.7.0-alpha.1.tgz",
      "integrity": "sha512-FAFX7a6JEk6jXm3DhJClzLuAsJBdkbhGfgTj47O9YEOX71/6FK5xAQzjvPuud65JA0/+MZ1QNyRi4yc1NPq9iA==",
      "requires": {
        "@vcl/theme": "^0.7.0-alpha.1"
      }
    },
    "@vcl/input": {
      "version": "0.7.0-alpha.1",
      "resolved": "https://registry.npmjs.org/@vcl/input/-/input-0.7.0-alpha.1.tgz",
      "integrity": "sha512-mXE2m0grXtmFRr9KROgyxqR+JEQA4fMBz1A56re6vZ4pBnIpmvR/o5cM+i5TPIPBpiRZjMEcRSRJOjVtmxdE+w==",
      "requires": {
        "@vcl/theme": "^0.7.0-alpha.1"
      }
    },
    "@vcl/input-group": {
      "version": "0.7.0-alpha.1",
      "resolved": "https://registry.npmjs.org/@vcl/input-group/-/input-group-0.7.0-alpha.1.tgz",
      "integrity": "sha512-G7v5Nu1elLqcnFHos0TYRESBDm3lS6laU/AW8KYATtQzdAentyDoeHEYJg5+Lcq1EAPmCWutl0WwvFS6WMflzQ==",
      "requires": {
        "@vcl/input": "^0.7.0-alpha.1",
        "@vcl/theme": "^0.7.0-alpha.1"
      }
    },
    "@vcl/layer": {
      "version": "0.7.0-alpha.1",
      "resolved": "https://registry.npmjs.org/@vcl/layer/-/layer-0.7.0-alpha.1.tgz",
      "integrity": "sha512-R7gPtlKTa4lj7yCFvd4SJm9U+8WEQ7OW27Yfe8QONuVAK+A2fF9p/Fuz133kMwMJ8/Oua5uGf//frnBXLo+QzQ==",
      "requires": {
        "@vcl/theme": "^0.7.0-alpha.1"
      }
    },
    "@vcl/list": {
      "version": "0.7.0-alpha.1",
      "resolved": "https://registry.npmjs.org/@vcl/list/-/list-0.7.0-alpha.1.tgz",
      "integrity": "sha512-9vR0BuPY/KHja1FZdpIkDLZlDDzYfkx4CDFAJS56OlecWa26mcaPvEj4qNcpiKs3mczeBgcs4OiVbswKiD4msw==",
      "requires": {
        "@vcl/theme": "^0.7.0-alpha.1"
      }
    },
    "@vcl/loading-layer": {
      "version": "0.7.0-alpha.1",
      "resolved": "https://registry.npmjs.org/@vcl/loading-layer/-/loading-layer-0.7.0-alpha.1.tgz",
      "integrity": "sha512-gue+JVmA3QOVedyz1fzUc2yCL1HmhaV7+JC3wPheNIyaE8GfHoZgHuOR0i/oizacau4St7nSNM0A1qVIlJRZYA==",
      "requires": {
        "@vcl/theme": "^0.7.0-alpha.1"
      }
    },
    "@vcl/logo": {
      "version": "0.7.0-alpha.1",
      "resolved": "https://registry.npmjs.org/@vcl/logo/-/logo-0.7.0-alpha.1.tgz",
      "integrity": "sha512-3/gYApZvKce01a575AtExhWYXLJfjI0DsPxLYMv54Fo/9RN39YD1kDnbFo3vAJiwuC7m4t3bFvfW8xmNVurn7g==",
      "requires": {
        "@vcl/theme": "^0.7.0-alpha.1"
      }
    },
    "@vcl/loose-button-group": {
      "version": "0.7.0-alpha.1",
      "resolved": "https://registry.npmjs.org/@vcl/loose-button-group/-/loose-button-group-0.7.0-alpha.1.tgz",
      "integrity": "sha512-gZ9XXfHhzYdwNErgu/Ef7+WQMePwQ0RCeKr9KSt1uMRfAQpnUXcPIwADJkixzJ0IipW5gm+bcMOepMiWPKIE/g==",
      "requires": {
        "@vcl/button": "^0.7.0-alpha.1",
        "@vcl/theme": "^0.7.0-alpha.1"
      }
    },
    "@vcl/material-design-icons": {
      "version": "0.7.0-alpha.1",
      "resolved": "https://registry.npmjs.org/@vcl/material-design-icons/-/material-design-icons-0.7.0-alpha.1.tgz",
      "integrity": "sha512-VPOgsRSK098mfFxZr1GFa2ngKpXf+svqeI76AoPIcI12gnQLVs+oKHIMa2OI+SLJpIRnDuKLuJlXCDugmYa5fw==",
      "requires": {
        "@mdi/font": "3.5.94",
        "@vcl/theme": "^0.7.0-alpha.1",
        "normalize.css": "8.0.1"
      }
    },
    "@vcl/material-style-inputs": {
      "version": "0.7.0-alpha.1",
      "resolved": "https://registry.npmjs.org/@vcl/material-style-inputs/-/material-style-inputs-0.7.0-alpha.1.tgz",
      "integrity": "sha512-W80Qo9ch7/V/tfmgNQGkdH4CrZy/xmWpgvsYKglf7Z4sq5MVSOWXQi9IXtgdLexJshIiF/npqc5U7udTrpaOlA==",
      "requires": {
        "@vcl/form-control-label": "^0.7.0-alpha.1",
        "@vcl/input": "^0.7.0-alpha.1",
        "@vcl/theme": "^0.7.0-alpha.1"
      }
    },
    "@vcl/nag": {
      "version": "0.7.0-alpha.1",
      "resolved": "https://registry.npmjs.org/@vcl/nag/-/nag-0.7.0-alpha.1.tgz",
      "integrity": "sha512-wy+OxzxJrgoA3bUJXaPekqzC5LUqmd613Y5VVnuqIyxVRgvnk7CkaBL5izdPHoDj6AAviVIJ31JcVEu4OEzGnA==",
      "requires": {
        "@vcl/theme": "^0.7.0-alpha.1"
      }
    },
    "@vcl/navigation": {
      "version": "0.7.0-alpha.1",
      "resolved": "https://registry.npmjs.org/@vcl/navigation/-/navigation-0.7.0-alpha.1.tgz",
      "integrity": "sha512-uI/u+j96UJLxzEfPzouWxaMNQnpIcBAuBa80Y2Q0f+jeSf4KguPOniLmSCjJ6yAsHnsbV1H5bMsjXAqa01PPGg==",
      "requires": {
        "@vcl/theme": "^0.7.0-alpha.1"
      }
    },
    "@vcl/notification": {
      "version": "0.7.0-alpha.1",
      "resolved": "https://registry.npmjs.org/@vcl/notification/-/notification-0.7.0-alpha.1.tgz",
      "integrity": "sha512-qwLy4y2qQpr7drklJVdXwP82EnBYJ+BxklRen6ReA0hSTfu5W7K8MKdEZf+jSedTjyXPioRAtLdXYfedrvv/Ng==",
      "requires": {
        "@vcl/theme": "^0.7.0-alpha.1"
      }
    },
    "@vcl/pager": {
      "version": "0.7.0-alpha.1",
      "resolved": "https://registry.npmjs.org/@vcl/pager/-/pager-0.7.0-alpha.1.tgz",
      "integrity": "sha512-ehXrjLArELVRQDdFYMOvAtYq4UDkHce52wg0oqAMHV9GmXOP3sorKjWOu1LijnwIN6S8o0jkY2ghZvUgI3Me8Q==",
      "requires": {
        "@vcl/button": "^0.7.0-alpha.1",
        "@vcl/flex-layout": "^0.7.0-alpha.1",
        "@vcl/icogram": "^0.7.0-alpha.1",
        "@vcl/theme": "^0.7.0-alpha.1",
        "@vcl/toolbar": "^0.7.0-alpha.1"
      }
    },
    "@vcl/pagination": {
      "version": "0.7.0-alpha.1",
      "resolved": "https://registry.npmjs.org/@vcl/pagination/-/pagination-0.7.0-alpha.1.tgz",
      "integrity": "sha512-aEJUfIQ+5mNZ6CIhNz74Ex9R1CzVGmrfM4ivJS0eXctS90O364MCjCa2MI8oN3fj1KAAnzjLjEjpIyfagan3EQ==",
      "requires": {
        "@vcl/button": "^0.7.0-alpha.1",
        "@vcl/theme": "^0.7.0-alpha.1"
      }
    },
    "@vcl/panel": {
      "version": "0.7.0-alpha.1",
      "resolved": "https://registry.npmjs.org/@vcl/panel/-/panel-0.7.0-alpha.1.tgz",
      "integrity": "sha512-xjiZIVUslsO5byKCYJfZ+UpCIlUtqxxURWTRI9BOfYuqcSERojtHYzyjiR7iqVnv3oM8ZAIy3qlQlMOdYDjtnQ==",
      "requires": {
        "@vcl/theme": "^0.7.0-alpha.1"
      }
    },
    "@vcl/popover": {
      "version": "0.7.0-alpha.1",
      "resolved": "https://registry.npmjs.org/@vcl/popover/-/popover-0.7.0-alpha.1.tgz",
      "integrity": "sha512-v4cjicHQrmGtk9W92K5dYNMxsIIKwurUsQF2TqctNFV7ZswPx02tNo+AS9xbgL76CzEx2bkMr/wDDSuY2iz93w==",
      "requires": {
        "@vcl/theme": "^0.7.0-alpha.1"
      }
    },
    "@vcl/print": {
      "version": "0.7.0-alpha.1",
      "resolved": "https://registry.npmjs.org/@vcl/print/-/print-0.7.0-alpha.1.tgz",
      "integrity": "sha512-ndVSDkBUxpY6+6g1EXdlIjofN2/RkWPQNJi9/bgog2kr85MkdWUKMzaapVXMBKxD8cxRKdJn8hwh5KV6RjKvcw==",
      "requires": {
        "@vcl/theme": "^0.7.0-alpha.1"
      }
    },
    "@vcl/process-nav": {
      "version": "0.7.0-alpha.1",
      "resolved": "https://registry.npmjs.org/@vcl/process-nav/-/process-nav-0.7.0-alpha.1.tgz",
      "integrity": "sha512-ZLi2W8VQ2rgDx1iXV+PzrVD5sX2RcpyHWPisEUwsd40VXo4rMUxqwMfBs6qvleqF3aKGkRXOuWYDmNIeJBpUzg==",
      "requires": {
        "@vcl/theme": "^0.7.0-alpha.1"
      }
    },
    "@vcl/product-list": {
      "version": "0.7.0-alpha.1",
      "resolved": "https://registry.npmjs.org/@vcl/product-list/-/product-list-0.7.0-alpha.1.tgz",
      "integrity": "sha512-G4gcuckM84xXrXFIVaNgg5q5ntMkwxY6aG25KUUu9WW+JAiQzVNycvc3rEzfvzvGnAKzwe5drkZuuLu0+itTcg==",
      "requires": {
        "@vcl/theme": "^0.7.0-alpha.1"
      }
    },
    "@vcl/progress-bar": {
      "version": "0.7.0-alpha.1",
      "resolved": "https://registry.npmjs.org/@vcl/progress-bar/-/progress-bar-0.7.0-alpha.1.tgz",
      "integrity": "sha512-C6aFjF6yO1OTa2ism2fvSuhySOsiDfYw4t/B9EPwIlukdFH8UbNgZfdkIDN4CCAYvXRYAElllyu81I3CRBHbow==",
      "requires": {
        "@vcl/theme": "^0.7.0-alpha.1"
      }
    },
    "@vcl/radio-button": {
      "version": "0.7.0-alpha.1",
      "resolved": "https://registry.npmjs.org/@vcl/radio-button/-/radio-button-0.7.0-alpha.1.tgz",
      "integrity": "sha512-T9movNjYDhiVpF8Ok/0HywAteZtGMdRVOMEJVUEYFjN0h6Ew105pKL8HTozRkX1t97eiPOqOV/Cd7UTpWdqpRA==",
      "requires": {
        "@vcl/theme": "^0.7.0-alpha.1"
      }
    },
    "@vcl/rating": {
      "version": "0.7.0-alpha.1",
      "resolved": "https://registry.npmjs.org/@vcl/rating/-/rating-0.7.0-alpha.1.tgz",
      "integrity": "sha512-iEyfblFsEd3s7gYu5Eg2rbeiGVaUq2tiIU2IShwVJtVY4RAOnpfRwicJzHPK5F9/cYTQ+TLpaWoLywjqzyO5dg==",
      "requires": {
        "@vcl/theme": "^0.7.0-alpha.1"
      }
    },
    "@vcl/responsive-image": {
      "version": "0.7.0-alpha.1",
      "resolved": "https://registry.npmjs.org/@vcl/responsive-image/-/responsive-image-0.7.0-alpha.1.tgz",
      "integrity": "sha512-39CicuWJ7eQlNecXjqmLfRLAqfB6hEKbFowYLEZMzlpeZEQ2J00IhvvTcjTYa4q2RdEG9esEgH/eWsZ6Vozjmg==",
      "requires": {
        "@vcl/theme": "^0.7.0-alpha.1"
      }
    },
    "@vcl/responsive-table": {
      "version": "0.7.0-alpha.1",
      "resolved": "https://registry.npmjs.org/@vcl/responsive-table/-/responsive-table-0.7.0-alpha.1.tgz",
      "integrity": "sha512-3QjvVx0mxVtQ4hViPxnuRqVANIAS4WQGrQzdJnccE1nAc05fcMdKsZJ6i+uNxJTA5SRTaSK+U0EQrEOeRKrisw==",
      "requires": {
        "@vcl/table": "^0.7.0-alpha.1",
        "@vcl/theme": "^0.7.0-alpha.1"
      }
    },
    "@vcl/restore-theme": {
      "version": "0.7.0-alpha.1",
      "resolved": "https://registry.npmjs.org/@vcl/restore-theme/-/restore-theme-0.7.0-alpha.1.tgz",
      "integrity": "sha512-CBGqoWHnSSxvmut/RJ2QX83mUjvCGxme2EX0T65A1AVdSlRTEDy9iaiJYzrjEfhwWDtY9dgNnOE/A44c2B5eYw==",
      "requires": {
        "@vcl/theme": "^0.7.0-alpha.1"
      }
    },
    "@vcl/ribbon": {
      "version": "0.7.0-alpha.1",
      "resolved": "https://registry.npmjs.org/@vcl/ribbon/-/ribbon-0.7.0-alpha.1.tgz",
      "integrity": "sha512-ih7hmzGfnYrTR2BSD2VtZudd1MhbrJweUcu+auhgJcC9JfjNRDslhsY8DMb3sq7akYUvq5X4WN6vAymqHOyerw==",
      "requires": {
        "@vcl/theme": "^0.7.0-alpha.1"
      }
    },
    "@vcl/scrollbar": {
      "version": "0.7.0-alpha.1",
      "resolved": "https://registry.npmjs.org/@vcl/scrollbar/-/scrollbar-0.7.0-alpha.1.tgz",
      "integrity": "sha512-S9DeXcN3xwygu6u1xYo6gEH87eHf9cBxYqNZn46QfmE1VOtg0aUUrNAVGVzXvzNRCeWAPgKEAlNC0ylU1vtciQ==",
      "requires": {
        "@vcl/theme": "^0.7.0-alpha.1"
      }
    },
    "@vcl/select": {
      "version": "0.7.0-alpha.1",
      "resolved": "https://registry.npmjs.org/@vcl/select/-/select-0.7.0-alpha.1.tgz",
      "integrity": "sha512-rVbJ8dnhMWF27CbI3PXwef0wG+zcOvUTfKGzJxB0NhRTgZBrLFF27vNV+Ds+XaGErMQim7kppUSKpSlRNNngLg==",
      "requires": {
        "@vcl/theme": "^0.7.0-alpha.1"
      }
    },
    "@vcl/size-modulation": {
      "version": "0.7.0-alpha.1",
      "resolved": "https://registry.npmjs.org/@vcl/size-modulation/-/size-modulation-0.7.0-alpha.1.tgz",
      "integrity": "sha512-0L2oNiDfk6NOYRR75IUlNyFNAaaAjV3PmUJ25q7QrnVxseDa4X+8rR8r3TJBOwXzVlV38FvzfsaB7WaCuGxDSw==",
      "requires": {
        "@vcl/theme": "^0.7.0-alpha.1"
      }
    },
    "@vcl/slider": {
      "version": "0.7.0-alpha.1",
      "resolved": "https://registry.npmjs.org/@vcl/slider/-/slider-0.7.0-alpha.1.tgz",
      "integrity": "sha512-f/n4eUX1A18rlPQvrRD2jOI+PMZq+tAfNQG0hFUoEnDr0ZFUBMHOJf+WgS7p0oz3N8z+bDA4MGZXTftfjWg94A==",
      "requires": {
        "@vcl/theme": "^0.7.0-alpha.1"
      }
    },
    "@vcl/spinner": {
      "version": "0.7.0-alpha.1",
      "resolved": "https://registry.npmjs.org/@vcl/spinner/-/spinner-0.7.0-alpha.1.tgz",
      "integrity": "sha512-wmVeIhZkL+jnRW6uylpFkJJCVjtfpHbwWklBkm0HUfsoF/EhPGTRLKPHbkAAMp43BpYio4/Dc2gSti8BngyIjg==",
      "requires": {
        "@vcl/theme": "^0.7.0-alpha.1"
      }
    },
    "@vcl/sum-table": {
      "version": "0.7.0-alpha.1",
      "resolved": "https://registry.npmjs.org/@vcl/sum-table/-/sum-table-0.7.0-alpha.1.tgz",
      "integrity": "sha512-aXEUT5U+2bBSSFMGFtHdDEv+oy9IiuNOPKEenAorMpA4b5DQo+bjIsAnIg6kRFL16iuije4FFcka/Ec8I2+znw==",
      "requires": {
        "@vcl/table": "^0.7.0-alpha.1",
        "@vcl/theme": "^0.7.0-alpha.1"
      }
    },
    "@vcl/tab-nav": {
      "version": "0.7.0-alpha.1",
      "resolved": "https://registry.npmjs.org/@vcl/tab-nav/-/tab-nav-0.7.0-alpha.1.tgz",
      "integrity": "sha512-OoyT+KGmauwrFDSJSBt/c6+0uMgkbVz40Nu5ij3diUzrA9k2/tCEn05llAjnSaIpUAOBAf9p7RtIkaUa85vE+A==",
      "requires": {
        "@vcl/theme": "^0.7.0-alpha.1"
      }
    },
    "@vcl/table": {
      "version": "0.7.0-alpha.1",
      "resolved": "https://registry.npmjs.org/@vcl/table/-/table-0.7.0-alpha.1.tgz",
      "integrity": "sha512-fQe+8YZK0sQJLfixRguBlNWCiuOAA//ccpFG4e30nwLGbs2bg15bR2ICTkvZGZLG+2QIe0A+WDIrWTZ0+Sl5xQ==",
      "requires": {
        "@vcl/theme": "^0.7.0-alpha.1",
        "normalize.css": "8.0.1"
      }
    },
    "@vcl/table-extras": {
      "version": "0.7.0-alpha.1",
      "resolved": "https://registry.npmjs.org/@vcl/table-extras/-/table-extras-0.7.0-alpha.1.tgz",
      "integrity": "sha512-9CHktr+jpKsHwqU6woGIaSjjw3pS0VWokGwtro+B2zmvG2HHdnOEAd+7G0rXtFLE+FnjEcXVHgDwW7ApQesolg==",
      "requires": {
        "@vcl/table": "^0.7.0-alpha.1",
        "@vcl/theme": "^0.7.0-alpha.1"
      }
    },
    "@vcl/theme": {
      "version": "0.7.0-alpha.1",
      "resolved": "https://registry.npmjs.org/@vcl/theme/-/theme-0.7.0-alpha.1.tgz",
      "integrity": "sha512-3dc0clh7i3ZJE0jA1ng/dn4eG/PsS+7q2spGIVTbcjC7FNxxTnF+04oAy/owLN/wu+ahnNQATrZLNe4/0oA+JQ=="
    },
    "@vcl/token": {
      "version": "0.7.0-alpha.1",
      "resolved": "https://registry.npmjs.org/@vcl/token/-/token-0.7.0-alpha.1.tgz",
      "integrity": "sha512-diWgvO8G09mN4hssDC4bZaatItMTN8aFYWOr/9ADUc327e3PlNmW5YF0+pIVUNbq2AQFLb6F7TlOisbP//F8fA==",
      "requires": {
        "@vcl/theme": "^0.7.0-alpha.1"
      }
    },
    "@vcl/token-input": {
      "version": "0.7.0-alpha.1",
      "resolved": "https://registry.npmjs.org/@vcl/token-input/-/token-input-0.7.0-alpha.1.tgz",
      "integrity": "sha512-ZB2btDk0xNzVyodxhn45pOltDWoWFmMMz73cMii0o4qFUpB1yJrfazNMk2kDYp/TNb2TvtHSdRAq7cOQKGUs4A==",
      "requires": {
        "@vcl/theme": "^0.7.0-alpha.1",
        "@vcl/token": "^0.7.0-alpha.1"
      }
    },
    "@vcl/toolbar": {
      "version": "0.7.0-alpha.1",
      "resolved": "https://registry.npmjs.org/@vcl/toolbar/-/toolbar-0.7.0-alpha.1.tgz",
      "integrity": "sha512-OweP7lkrKzBdgCmW9VIIX6jgfvU9VgBo3yofXmOf0+Yh9TLxHx9Li2m+rCRPjlKD+kHYPRXYS2vvcNCz+7Dm9Q==",
      "requires": {
        "@vcl/theme": "^0.7.0-alpha.1",
        "normalize.css": "8.0.1"
      }
    },
    "@vcl/tooltip": {
      "version": "0.7.0-alpha.1",
      "resolved": "https://registry.npmjs.org/@vcl/tooltip/-/tooltip-0.7.0-alpha.1.tgz",
      "integrity": "sha512-5clzZpEBzlRCwQAMcxjibKYugOmTS+QddIsWoigrvf+qde+tJBT23QQfDsfRbxuD3fFoWnj1ac11K+/ZT99YBQ==",
      "requires": {
        "@vcl/theme": "^0.7.0-alpha.1"
      }
    },
    "@vcl/typography": {
      "version": "0.7.0-alpha.1",
      "resolved": "https://registry.npmjs.org/@vcl/typography/-/typography-0.7.0-alpha.1.tgz",
      "integrity": "sha512-6dU9kysUJBpOHOYVUx+RwjdoBph5RFY0Y80+Z2Yx8bKwG+RVuaTInyWDeqDR1N6dAsSApxvjSku1cx72oDbPmw==",
      "requires": {
        "@vcl/theme": "^0.7.0-alpha.1"
      }
    },
    "@vcl/utils": {
      "version": "0.7.0-alpha.1",
      "resolved": "https://registry.npmjs.org/@vcl/utils/-/utils-0.7.0-alpha.1.tgz",
      "integrity": "sha512-i3nYwQ9m3qcpY5ASOGm52cEggn2LHo31Ekkdou9S66Y6YP7Roi56MLDqfevJgynCzzwYqJEPUv8sXZYXOjflag==",
      "requires": {
        "@vcl/theme": "^0.7.0-alpha.1"
      }
    },
    "@vcl/value-unit-anagram": {
      "version": "0.7.0-alpha.1",
      "resolved": "https://registry.npmjs.org/@vcl/value-unit-anagram/-/value-unit-anagram-0.7.0-alpha.1.tgz",
      "integrity": "sha512-1yE4PsPsBxmZ8NnWcjfkkG8N7w9Wn+7rNW289Ku+f2hiG/nQ/femNnp9Sm2lTBJfLqXOlGQG1H9W2dNT8M9yKg==",
      "requires": {
        "@vcl/theme": "^0.7.0-alpha.1"
      }
    },
    "@vcl/zoom-box": {
      "version": "0.7.0-alpha.1",
      "resolved": "https://registry.npmjs.org/@vcl/zoom-box/-/zoom-box-0.7.0-alpha.1.tgz",
      "integrity": "sha512-ygORNDvLPll8U2XBhRy0K+MXtdfY71EP/XKrflZIhvGsMKyreN9dmwUQMtqdpCAFIJYP2lUumHg1S9dZ1XBpsA==",
      "requires": {
        "@vcl/theme": "^0.7.0-alpha.1"
      }
    },
    "normalize.css": {
      "version": "8.0.1",
      "resolved": "https://registry.npmjs.org/normalize.css/-/normalize.css-8.0.1.tgz",
      "integrity": "sha512-qizSNPO93t1YUuUhP22btGOo3chcvDFqFaj2TRybP0DMxkHOCTYwp3n34fel4a31ORXy4m1Xq0Gyqpb5m33qIg=="
    }
  }
}
