{
  "name": "@vcl/core-modules",
  "version": "0.4.2",
  "lockfileVersion": 1,
  "requires": true,
  "dependencies": {
    "@vcl/app-area": {
      "version": "0.4.2",
      "resolved": "https://registry.npmjs.org/@vcl/app-area/-/app-area-0.4.2.tgz",
      "integrity": "sha512-YpTrL/gh+SCi7lSf3irIWTd1brGjW+qDnnir3Dk2bVqzDXt1PuRd7sH4+bEXAjU7LVSt9lhLR2+eFzM542RtlQ==",
      "requires": {
        "@vcl/theme": "^0.4.2",
        "normalize.css": "^8.0.1"
      }
    },
    "@vcl/app-content-area": {
      "version": "0.4.2",
      "resolved": "https://registry.npmjs.org/@vcl/app-content-area/-/app-content-area-0.4.2.tgz",
      "integrity": "sha512-EXAw6Ose0OZK3RSFXuJYSBlPA5VYQXM+4NTU65uBzoMSWCT86i2+ipS56Rkf5/jLDAqVrWkHUC0M3KZM3qKzpA==",
      "requires": {
        "@vcl/theme": "^0.4.2"
      }
    },
    "@vcl/app-footer": {
      "version": "0.4.2",
      "resolved": "https://registry.npmjs.org/@vcl/app-footer/-/app-footer-0.4.2.tgz",
      "integrity": "sha512-zQCocAdJKkqGXMuFkQ6Mq7O9JP9i0VoPfybrI7QcpGkUJotvZzLwETnVA/jO8Uu3Ki0nXTbkONPVwuZTYXLgFA==",
      "requires": {
        "@vcl/theme": "^0.4.2"
      }
    },
    "@vcl/app-header": {
      "version": "0.4.2",
      "resolved": "https://registry.npmjs.org/@vcl/app-header/-/app-header-0.4.2.tgz",
      "integrity": "sha512-MbqdnWixyCR0geBQCLFk6mv89mLRRmPor+Ogs6ApJ277u0uEac9tH+gPlXYNhSLlu9v3TY3IQUIpj2S64Xm3PA==",
      "requires": {
        "@vcl/theme": "^0.4.2"
      }
    },
    "@vcl/badge": {
      "version": "0.4.2",
      "resolved": "https://registry.npmjs.org/@vcl/badge/-/badge-0.4.2.tgz",
      "integrity": "sha512-6Kpk/HIUWvq5qx33ZjLLd/czzrVMoQ9XE+92pw3+Zq+4hmrwqsJ34YvmwqG0/1LticxLmDiqLHF7AJLpnVF12Q==",
      "requires": {
        "@vcl/theme": "^0.4.2",
        "normalize.css": "^8.0.1"
      }
    },
    "@vcl/breadcrumb": {
      "version": "0.4.2",
      "resolved": "https://registry.npmjs.org/@vcl/breadcrumb/-/breadcrumb-0.4.2.tgz",
      "integrity": "sha512-K5XfG0G+Uu5H57ZNuKjQIM8zT9H6K9yY6SRBh9g8aHHs3HIT2pOGDCryv0z4IBeWc6z7K6aiGYUxvN2qgWmpPw==",
      "requires": {
        "@vcl/theme": "^0.4.2",
        "normalize.css": "^8.0.1"
      }
    },
    "@vcl/breakpoints": {
      "version": "0.4.2",
      "resolved": "https://registry.npmjs.org/@vcl/breakpoints/-/breakpoints-0.4.2.tgz",
      "integrity": "sha512-5aMEyER9mg52BIAESj+eBUcrLHpGwHMFYrZx9Ojujv25LtsTGX2LdP9GgiEcgUuOUIDySgLbdqknFLlQKInN/w==",
      "requires": {
        "@vcl/theme": "^0.4.2"
      }
    },
    "@vcl/busy-indicator": {
      "version": "0.4.2",
      "resolved": "https://registry.npmjs.org/@vcl/busy-indicator/-/busy-indicator-0.4.2.tgz",
      "integrity": "sha512-6IS0AMQK8/TmD7gZSheGeDej+IgddR0sIZnzHzYYzGacik7k3cC/rO1bqDWxWwIg8ZcKMKJHmWeTrXV/+VQgNA==",
      "requires": {
        "@vcl/theme": "^0.4.2",
        "normalize.css": "8.0.1"
      }
    },
    "@vcl/button": {
      "version": "0.4.2",
      "resolved": "https://registry.npmjs.org/@vcl/button/-/button-0.4.2.tgz",
      "integrity": "sha512-nEoA8WrfNsy84qzipZSKkeB2VxgheSxv31cfn8A7LGdTXhkQxrlJuKKI8D/+5yKniLC2/waU908IIVkpZ/jdsQ==",
      "requires": {
        "@vcl/theme": "^0.4.2",
        "normalize.css": "8.0.1"
      }
    },
    "@vcl/button-group": {
      "version": "0.4.2",
      "resolved": "https://registry.npmjs.org/@vcl/button-group/-/button-group-0.4.2.tgz",
      "integrity": "sha512-eU8yQyll5PVJAHDAa+yk1pZDGwFCRgmFe59HmfwIrFlyUqVtBj6CBYimJn5aJQFJIZDzUFwI85G7itqC3GL2UA==",
      "requires": {
        "@vcl/theme": "^0.4.2",
        "normalize.css": "^8.0.1"
      }
    },
    "@vcl/calendar": {
      "version": "0.4.2",
      "resolved": "https://registry.npmjs.org/@vcl/calendar/-/calendar-0.4.2.tgz",
      "integrity": "sha512-xyRxZg72oh6cDiRD8DXDwjbVZbfekrL8EHuLNW8uaEmEjNVFa4AZFNeixdmac/BjXcW48ElOppC09Ko/cYJ2ew==",
      "requires": {
        "@vcl/theme": "^0.4.2",
        "normalize.css": "^8.0.1"
      }
    },
    "@vcl/checkbox": {
      "version": "0.4.2",
      "resolved": "https://registry.npmjs.org/@vcl/checkbox/-/checkbox-0.4.2.tgz",
      "integrity": "sha512-XcX17vwbQBAF80DpI4JrzaRY1wKJoq1PAM3QkV/wcfN22vMeKWUSUspCzUGdXaFWdvkgfjdTRN2X32Ao1nDvRQ==",
      "requires": {
        "@vcl/theme": "^0.4.2",
        "normalize.css": "^8.0.1"
      }
    },
    "@vcl/container": {
      "version": "0.4.2",
      "resolved": "https://registry.npmjs.org/@vcl/container/-/container-0.4.2.tgz",
      "integrity": "sha512-Q9Fzi9Svenlsv9t9IN+AdGV83+ZzTru7zFipWgofkP3wtpp80AjRBDr6xHSCUVb4Fx04gQ5YkmAv7WCUGYZ++g==",
      "requires": {
        "@vcl/theme": "^0.4.2"
      }
    },
    "@vcl/data-grid": {
      "version": "0.4.2",
      "resolved": "https://registry.npmjs.org/@vcl/data-grid/-/data-grid-0.4.2.tgz",
      "integrity": "sha512-dOl4kBw/UjTKGWgHOjksgy81k8vYkDmtcbE6i3lLQTvv59WaEhfC2ojw2kBRbyok6uHaBpD58rzPrkcQkW9StQ==",
      "requires": {
        "@vcl/theme": "^0.4.2",
        "normalize.css": "^8.0.1"
      }
    },
    "@vcl/data-list": {
      "version": "0.4.2",
      "resolved": "https://registry.npmjs.org/@vcl/data-list/-/data-list-0.4.2.tgz",
      "integrity": "sha512-600BRyos5ejvi+X58+ZbM7ABuVGx4Pk41d9IcnRcpuWBIPDn7WjWDCBVdzYzI7m1cg2fbyp7iH6ArElY//mi7w==",
      "requires": {
        "@vcl/theme": "^0.4.2",
        "normalize.css": "^8.0.1"
      }
    },
    "@vcl/data-tree": {
      "version": "0.4.2",
      "resolved": "https://registry.npmjs.org/@vcl/data-tree/-/data-tree-0.4.2.tgz",
      "integrity": "sha512-abVskFThSTN9Fry9pjnS7tPDWH+tv0x3jdsgJCLiSFTkPpvhS1e8Uv1GERhXB2G9XzagqN/L5jYMmQjaOchNXQ==",
      "requires": {
        "@vcl/theme": "^0.4.2",
        "normalize.css": "^8.0.1"
      }
    },
    "@vcl/date-picker": {
      "version": "0.4.2",
      "resolved": "https://registry.npmjs.org/@vcl/date-picker/-/date-picker-0.4.2.tgz",
      "integrity": "sha512-Ia0m/7E/eIMCqaPzxj//7/Rpbceebc2zEOiGvcRjwyS6lr9gzSSeNBbYOcamZs3ffkUSaPiiIi1HQwjq4b+Heg==",
      "requires": {
        "@vcl/theme": "^0.4.2",
        "normalize.css": "^8.0.1"
      }
    },
    "@vcl/divider": {
      "version": "0.4.2",
      "resolved": "https://registry.npmjs.org/@vcl/divider/-/divider-0.4.2.tgz",
      "integrity": "sha512-Xz+gmnOsG3DcH4BkvmaKHKzGRqN8OgLnEMk6cX3k27UbtX6EhiSDojIKNKDXMmcNddDsZB7ID4rkIw8QfSNwRA==",
      "requires": {
        "@vcl/theme": "^0.4.2",
        "normalize.css": "^8.0.1"
      }
    },
    "@vcl/drawer": {
      "version": "0.4.2",
      "resolved": "https://registry.npmjs.org/@vcl/drawer/-/drawer-0.4.2.tgz",
      "integrity": "sha512-rwqwFZaS1NN/ydThRbfe4SJsoaKhnGzYGIt7zJNEkrynDI53ANTQN/kryfPv+4d0k8rqcBytzLN1d8WJK7R/Yg==",
      "requires": {
        "@vcl/theme": "^0.4.2",
        "normalize.css": "^8.0.1"
      }
    },
    "@vcl/dropdown": {
      "version": "0.4.3",
      "resolved": "https://registry.npmjs.org/@vcl/dropdown/-/dropdown-0.4.3.tgz",
      "integrity": "sha512-Nfb8UN2+VEfLxeRQ9DjAP3vZ04eJwuiub02J6luCPwUiwcGrTbGwJOE4eKxYxSa2b3psNS182LEmChETwelH8g==",
      "requires": {
        "@vcl/theme": "^0.4.2",
        "normalize.css": "8.0.1"
      }
    },
    "@vcl/effects": {
      "version": "0.4.2",
      "resolved": "https://registry.npmjs.org/@vcl/effects/-/effects-0.4.2.tgz",
      "integrity": "sha512-Q21VwDOvu4x6aDQH8nddO/+CncmKTU+DPPOY8m8mq2FKK5DctAzGDe7MQ8Dsky86B+U+RllZhvfiiRLixPfNAw==",
      "requires": {
        "@vcl/theme": "^0.4.2"
      }
    },
    "@vcl/embedded-input-button": {
      "version": "0.4.3",
      "resolved": "https://registry.npmjs.org/@vcl/embedded-input-button/-/embedded-input-button-0.4.3.tgz",
      "integrity": "sha512-MouEs5ElLqUY4LqHOONvKH0l087RC3gQYrPfsphTRsDIxXbjl79nXSTzDsC3R128jeSixZEN5UHsYA2OcdFhEA==",
      "requires": {
        "@vcl/theme": "^0.4.2",
        "normalize.css": "^8.0.1"
      }
    },
    "@vcl/fieldset": {
      "version": "0.4.2",
      "resolved": "https://registry.npmjs.org/@vcl/fieldset/-/fieldset-0.4.2.tgz",
      "integrity": "sha512-AK0JssEEl8oZqKW5EuqfiPR9hufu9/j6fOi5wp2T68ukDvBSqHq2m9DFm0ryswiyubxM1EQt2XeVYKpjMdzKMw==",
      "requires": {
        "@vcl/theme": "^0.4.2",
        "normalize.css": "^8.0.1"
      }
    },
    "@vcl/figure": {
      "version": "0.4.2",
      "resolved": "https://registry.npmjs.org/@vcl/figure/-/figure-0.4.2.tgz",
      "integrity": "sha512-oDFvAidOBPXNL95IpjQ9cXrratApCFULNK2wh+/TvSC/TNO232wdKUUp4RYPWUAxTePj0z+BeSuqlCMGrDBfBw==",
      "requires": {
        "@vcl/theme": "^0.4.2",
        "normalize.css": "^8.0.1"
      }
    },
    "@vcl/file-input": {
      "version": "0.4.2",
      "resolved": "https://registry.npmjs.org/@vcl/file-input/-/file-input-0.4.2.tgz",
      "integrity": "sha512-nL74sCJ937gwXS7iscN3cPwWVPBwaFAaFa3mf63Shu+GLmaqCmJWJqhrAFpjTrLmg38NYal9AwACSY4G8vcIdA==",
      "requires": {
        "@vcl/theme": "^0.4.2",
        "normalize.css": "8.0.1"
      }
    },
    "@vcl/flex-layout": {
      "version": "0.4.2",
      "resolved": "https://registry.npmjs.org/@vcl/flex-layout/-/flex-layout-0.4.2.tgz",
      "integrity": "sha512-WkWmeows2ddMMRGKiYvt1Wgs2LhW9isE75qh75jiIDx0wKj/cCQW5sc9Lc7qk3qOCQR5q0USZSWOTW9XdkyeHQ==",
      "requires": {
        "@vcl/theme": "^0.4.2",
        "normalize.css": "^8.0.1"
      }
    },
    "@vcl/flip-switch": {
      "version": "0.4.2",
      "resolved": "https://registry.npmjs.org/@vcl/flip-switch/-/flip-switch-0.4.2.tgz",
      "integrity": "sha512-RL6g+w9XxcJWb/bgzcXDSjjd7jJ+94X14RW5S68twh6XNNQwvkCA559cAM0ORGHilcmIgOYPXNfrwoqKefXjow==",
      "requires": {
        "@vcl/theme": "^0.4.2",
        "normalize.css": "^8.0.1"
      }
    },
    "@vcl/form": {
      "version": "0.4.3",
      "resolved": "https://registry.npmjs.org/@vcl/form/-/form-0.4.3.tgz",
      "integrity": "sha512-aErZ7RQXo30IlXAvDf3Nl2o61JIqnios+L4chJTHqatwawyzR2Hld2B9rK7JzDC+QbYXaOwvze776IA0vWIZOg==",
      "requires": {
        "@vcl/icogram": "^0.4.2",
        "@vcl/icon": "^0.4.2",
        "@vcl/theme": "^0.4.2",
        "normalize.css": "^8.0.1"
      }
    },
    "@vcl/form-control-label": {
      "version": "0.4.2",
      "resolved": "https://registry.npmjs.org/@vcl/form-control-label/-/form-control-label-0.4.2.tgz",
      "integrity": "sha512-XHXFoG3zjSl2db7NBV13P5urgCUuL9v1eoeeH5njs3nr1vqbkix3G4m7o8d+9YH54B1nzlVkhtw7UdKYUfOgnw==",
      "requires": {
        "@vcl/form": "^0.4.2",
        "@vcl/theme": "^0.4.2",
        "normalize.css": "^8.0.1"
      }
    },
    "@vcl/gallery": {
      "version": "0.4.2",
      "resolved": "https://registry.npmjs.org/@vcl/gallery/-/gallery-0.4.2.tgz",
      "integrity": "sha512-qmYVMYNE2nNqsR0Ut74V7kIf8/TwYq2MIxXcgkR5eR13OuHftqJfw1Wc7MVPDJcAVSKO5yNqsWTEPlgpowQlkw==",
      "requires": {
        "@vcl/theme": "^0.4.2",
        "normalize.css": "^8.0.1"
      }
    },
    "@vcl/go-to-top": {
      "version": "0.4.2",
      "resolved": "https://registry.npmjs.org/@vcl/go-to-top/-/go-to-top-0.4.2.tgz",
      "integrity": "sha512-z3lXqy1r9m7m6ri2AIJ+10skVxYic02YMG5n+sIF5VPHvZyLAGtqWDyFOe06kwn+OHzAfnfc2LxmmuB9jccpwg==",
      "requires": {
        "@vcl/theme": "^0.4.2",
        "normalize.css": "^8.0.1"
      }
    },
    "@vcl/grid": {
      "version": "0.4.2",
      "resolved": "https://registry.npmjs.org/@vcl/grid/-/grid-0.4.2.tgz",
      "integrity": "sha512-FfpbmS8vCpq1gb2K0FXlMUPV3gZ9DLRA3+fsCb6URYBBcnGt46HeXBYM3A6ch8hI7WspZrCW1aVJai+UNieZxg==",
      "requires": {
        "@vcl/theme": "^0.4.2",
        "normalize.css": "^8.0.1"
      }
    },
    "@vcl/icogram": {
      "version": "0.4.2",
      "resolved": "https://registry.npmjs.org/@vcl/icogram/-/icogram-0.4.2.tgz",
      "integrity": "sha512-rxDHK4a4dDKqgEiS3ZRJq8RtiPGNcmciDpDKKjZHGkGYEXa0V9RpS3t5ZImXFg0/Yseup5IiTSpujnYcFkPTvQ==",
      "requires": {
        "@vcl/icon": "^0.4.2",
        "@vcl/theme": "^0.4.2",
        "normalize.css": "^8.0.1"
      }
    },
    "@vcl/icon": {
      "version": "0.4.2",
      "resolved": "https://registry.npmjs.org/@vcl/icon/-/icon-0.4.2.tgz",
      "integrity": "sha512-Ai0HfIGLru8EsFrUXNdkWymjmK//2uI+yPR5XMvV9z4HUz58VyODriVyTemCeaTy61SvVqCyf3QOPyJE9hsjpQ==",
      "requires": {
        "@vcl/theme": "^0.4.2",
        "normalize.css": "8.0.1"
      }
    },
    "@vcl/image-shapes": {
      "version": "0.4.2",
      "resolved": "https://registry.npmjs.org/@vcl/image-shapes/-/image-shapes-0.4.2.tgz",
      "integrity": "sha512-5P9IQdCBQV6ZCyiqnexErfqXQzCv/MctFwlBixNVy5+p8OZYBFl3FEEJ3U2ALmvsUnssREixVGOq+nwZKUAX1g==",
      "requires": {
        "@vcl/theme": "^0.4.2",
        "normalize.css": "^8.0.1"
      }
    },
    "@vcl/info-overlay": {
      "version": "0.4.2",
      "resolved": "https://registry.npmjs.org/@vcl/info-overlay/-/info-overlay-0.4.2.tgz",
      "integrity": "sha512-eg3av+hifvx/31CAPyQmF23uROy0Yxa8Aew3keC+aMnO1aZpoVQbgL2TDFHFOc/76YQeYsveFDJpEY27MJLAgA==",
      "requires": {
        "@vcl/theme": "^0.4.2"
      }
    },
    "@vcl/input": {
      "version": "0.4.2",
      "resolved": "https://registry.npmjs.org/@vcl/input/-/input-0.4.2.tgz",
      "integrity": "sha512-uMwCnhn6mlTRVRgqaN1rG/8uybe+axJF0n7h0n5c7Vawy6tqlukWEML4niicW0KQo/BajI/BHHAumSwmfBFTKA==",
      "requires": {
        "@vcl/theme": "^0.4.2",
        "normalize.css": "^8.0.1"
      }
    },
    "@vcl/input-group": {
      "version": "0.4.2",
      "resolved": "https://registry.npmjs.org/@vcl/input-group/-/input-group-0.4.2.tgz",
      "integrity": "sha512-Du1rnJyt7VgtUQrD9VuosUG8jXdxJb5rjJJLtaZlwgGhtiB8UL71xLlRCBMSdNZoEj2Jtim+Y4dX85osrZ9mrQ==",
      "requires": {
        "@vcl/input": "^0.4.2",
        "@vcl/theme": "^0.4.2",
        "normalize.css": "^8.0.1"
      }
    },
    "@vcl/label": {
      "version": "0.4.2",
      "resolved": "https://registry.npmjs.org/@vcl/label/-/label-0.4.2.tgz",
      "integrity": "sha512-cbkUUkCXgucizd6msrS/9X3GYflfPJO3xv5cZjHkXdvEPg7IDGVauc5duaPDJ/Y4ijgdpzO3oQ38N+/SUCXHCA==",
      "requires": {
        "@vcl/theme": "^0.4.2",
        "normalize.css": "^8.0.1"
      }
    },
    "@vcl/layer": {
      "version": "0.4.2",
      "resolved": "https://registry.npmjs.org/@vcl/layer/-/layer-0.4.2.tgz",
      "integrity": "sha512-lhSZlMcXGut0y4Gdtxi8Bb74sNRddt9askKOIgYXqMN2E7feZMlXEwbsmQ6ihQ+4usgglvU6HW3vEymdAx0TJw==",
      "requires": {
        "@vcl/theme": "^0.4.2",
        "normalize.css": "^8.0.1"
      }
    },
    "@vcl/layout-spans": {
      "version": "0.4.2",
      "resolved": "https://registry.npmjs.org/@vcl/layout-spans/-/layout-spans-0.4.2.tgz",
      "integrity": "sha512-aJO8nGN2psuSJXlHCzLhvi9wfozWDkb4v/CJAL4hzpFcgnIIn61v7JgwoQt2dxMK8Jw8N6nQsCOG+x8pnIalCA==",
      "requires": {
        "@vcl/theme": "^0.4.2",
        "normalize.css": "^8.0.1"
      }
    },
    "@vcl/list": {
      "version": "0.4.2",
      "resolved": "https://registry.npmjs.org/@vcl/list/-/list-0.4.2.tgz",
      "integrity": "sha512-/DCWZylKfZVGPFCgH1ZB5WkgG1vImAEmgOqhEwcF5x+/lq7aCHjdwPE1C7WaYjxPcfhAyuFReqPHWaZ0s/5XtQ==",
      "requires": {
        "@vcl/theme": "^0.4.2",
        "normalize.css": "^8.0.1"
      }
    },
    "@vcl/loading-layer": {
      "version": "0.4.2",
      "resolved": "https://registry.npmjs.org/@vcl/loading-layer/-/loading-layer-0.4.2.tgz",
      "integrity": "sha512-9i+Gm+VWCL35tIkXebNXbikvCtlAGWS+2342sXbqW9h6F6mvx9+qhEgXUggsbQ/9Gto82YcH4U8XTkpM2gHCFw==",
      "requires": {
        "@vcl/theme": "^0.4.2",
        "normalize.css": "^8.0.1"
      }
    },
    "@vcl/logo": {
      "version": "0.4.2",
      "resolved": "https://registry.npmjs.org/@vcl/logo/-/logo-0.4.2.tgz",
      "integrity": "sha512-eTVvz6zRZYYVBv6UiT6KNEobZ+TLYgua1pDaBkul/CzlVtxBNfhVhkCiNJJ6OmKm8nbwb1r5/U9SLfBXeHG3bg==",
      "requires": {
        "@vcl/theme": "^0.4.2"
      }
    },
    "@vcl/loose-button-group": {
      "version": "0.4.2",
      "resolved": "https://registry.npmjs.org/@vcl/loose-button-group/-/loose-button-group-0.4.2.tgz",
      "integrity": "sha512-IPRNotJWqTz95licataKC5hxL2q2VNtIMxLt5KZAp9IldbSC9i2MGAWGzyIiFcblbSI6W8DBRpsTq3o2dRGY0A==",
      "requires": {
        "@vcl/button": "^0.4.2",
        "@vcl/theme": "^0.4.2",
        "normalize.css": "^8.0.1"
      }
    },
    "@vcl/nag": {
      "version": "0.4.2",
      "resolved": "https://registry.npmjs.org/@vcl/nag/-/nag-0.4.2.tgz",
      "integrity": "sha512-D3YvnA1z8rGXiBWYfRnmj5VhTsrB4LC78ASr7OHvwFhXTXbu3SIuI5ib2mghtbfE2ovwmSukp9tRfP28PJnxfw==",
      "requires": {
        "@vcl/theme": "^0.4.2",
        "normalize.css": "^8.0.1"
      }
    },
    "@vcl/navigation": {
      "version": "0.4.3",
      "resolved": "https://registry.npmjs.org/@vcl/navigation/-/navigation-0.4.3.tgz",
      "integrity": "sha512-1ihLFL+sm5EDAuKaDxu95bMhDNUrzpnaL6vfi/rla4/VqhVf665cc1xtfEc/IWDHyUQzJuwyQi/oqgyxtLXEcA==",
      "requires": {
        "@vcl/theme": "^0.4.2",
        "normalize.css": "^8.0.1"
      }
    },
    "@vcl/notification": {
      "version": "0.4.2",
      "resolved": "https://registry.npmjs.org/@vcl/notification/-/notification-0.4.2.tgz",
      "integrity": "sha512-PZMdABw1iGCGOK+dOK43+gd4mbaxSdPJE9fhR5RS/96fHTBJsjyfskByxxUFJZc09qo4MXwnthx4OJSDwlymaA==",
      "requires": {
        "@vcl/theme": "^0.4.2",
        "normalize.css": "^8.0.1"
      }
    },
    "@vcl/pager": {
      "version": "0.4.2",
      "resolved": "https://registry.npmjs.org/@vcl/pager/-/pager-0.4.2.tgz",
      "integrity": "sha512-nd3//mmY98Sfux8q1n87JQBWouDx4aBM2lGgaG56/IM4oUrcJBzA8p8jSEWRhWLhpwu+QXIs6Brz/MWly+eUMA==",
      "requires": {
        "@vcl/button": "^0.4.2",
        "@vcl/flex-layout": "^0.4.2",
        "@vcl/icogram": "^0.4.2",
        "@vcl/theme": "^0.4.2",
        "@vcl/toolbar": "^0.4.2",
        "normalize.css": "^8.0.1"
      }
    },
    "@vcl/pagination": {
      "version": "0.4.2",
      "resolved": "https://registry.npmjs.org/@vcl/pagination/-/pagination-0.4.2.tgz",
      "integrity": "sha512-HwAxFdandUf0SwqtpzBuzHCknt0/6lJkq/S5HHrBccleFTWpW/9HHPDiX+FbS3keVqrHTpt1En3tfFgazFdaRw==",
      "requires": {
        "@vcl/button": "^0.4.2",
        "@vcl/theme": "^0.4.2",
        "normalize.css": "^8.0.1"
      }
    },
    "@vcl/panel": {
      "version": "0.4.2",
      "resolved": "https://registry.npmjs.org/@vcl/panel/-/panel-0.4.2.tgz",
      "integrity": "sha512-hccqXn9TZq4KfZiIt/57KJ433qrSGGdX/452ee08cTI/UWxMZ0VPY923x02nSdfq2yO/6wdd5Q3Rf715ObaWRw==",
      "requires": {
        "@vcl/theme": "^0.4.2",
        "normalize.css": "^8.0.1"
      }
    },
    "@vcl/popover": {
      "version": "0.4.2",
      "resolved": "https://registry.npmjs.org/@vcl/popover/-/popover-0.4.2.tgz",
      "integrity": "sha512-34WAGpqwBd0vQpDBTiELrMx1QRg479l742OK0yepqkEzi3wWJUMPe6++iX4YHoBpZK0S8eUjwVb+784HtIA7qQ==",
      "requires": {
        "@vcl/theme": "^0.4.2",
        "normalize.css": "^8.0.1"
      }
    },
    "@vcl/print": {
      "version": "0.4.2",
      "resolved": "https://registry.npmjs.org/@vcl/print/-/print-0.4.2.tgz",
      "integrity": "sha512-yH60TRXW12+txiYwCQEEKhmke42/lDTYJjzosfLs4xSq7FgF8BMwmGuC1WVvRUs4DERkEEY6qGOO8FZ4KIkeFw==",
      "requires": {
        "@vcl/theme": "^0.4.2"
      }
    },
    "@vcl/process-nav": {
      "version": "0.4.2",
      "resolved": "https://registry.npmjs.org/@vcl/process-nav/-/process-nav-0.4.2.tgz",
      "integrity": "sha512-aodUJaWiM5xWDFR9TohNfx2niokczwDtshlOCcjL56HyLyWSGfK1+qZIWMrwXFhRa48dodsiwse9F2hqAkAFcw==",
      "requires": {
        "@vcl/theme": "^0.4.2",
        "normalize.css": "^8.0.1"
      }
    },
    "@vcl/progress-bar": {
      "version": "0.4.2",
      "resolved": "https://registry.npmjs.org/@vcl/progress-bar/-/progress-bar-0.4.2.tgz",
      "integrity": "sha512-HvsjK3xhFyd4x69d8Nz9EvPBdMT9ZssGUtUvhS4o0WTwzA10q1NQqpSYZfihHd0MJxzoTFwh0koL6dZDFaKn0A==",
      "requires": {
        "@vcl/theme": "^0.4.2",
        "normalize.css": "^8.0.1"
      }
    },
    "@vcl/radio-button": {
      "version": "0.4.2",
      "resolved": "https://registry.npmjs.org/@vcl/radio-button/-/radio-button-0.4.2.tgz",
      "integrity": "sha512-q6D91613T+FWcONnEompBNWAnt1ALxFf9q69JAThtJK7FHxOpOduYMdK/4AS2b9rUknWCvPudQFVJL1OMsly1g==",
      "requires": {
        "@vcl/theme": "^0.4.2",
        "normalize.css": "^8.0.1"
      }
    },
    "@vcl/rating": {
      "version": "0.4.2",
      "resolved": "https://registry.npmjs.org/@vcl/rating/-/rating-0.4.2.tgz",
      "integrity": "sha512-nz/WGX170clRU+0Mpm9D3HCrYqKigdHewgN0gR7+/3uD4xNwBucXJ0IFNvi7I1vpdSMyVoUQc5YfSVcyigiGxA==",
      "requires": {
        "@vcl/theme": "^0.4.2",
        "normalize.css": "^8.0.1"
      }
    },
    "@vcl/responsive-image": {
      "version": "0.4.2",
      "resolved": "https://registry.npmjs.org/@vcl/responsive-image/-/responsive-image-0.4.2.tgz",
      "integrity": "sha512-j13fr5tl5i/x5/Jm9+hZWZ057WkDr0ZEPxMs+0S9V03kIBgJZfBiaCB25EL1AxrJxy8mKkrUZTDJh7X5GBLyRQ==",
      "requires": {
        "@vcl/theme": "^0.4.2",
        "normalize.css": "^8.0.1"
      }
    },
    "@vcl/scrollbar": {
      "version": "0.4.2",
      "resolved": "https://registry.npmjs.org/@vcl/scrollbar/-/scrollbar-0.4.2.tgz",
      "integrity": "sha512-afFhYiCYbioDRcssVmr/Pf0UIGaxF1eq0+rXv6JX3G1v/FPZnnWdXabnxXkwWLJE/56yV/uinVHgSGEQMCNwNA==",
      "requires": {
        "@vcl/theme": "^0.4.2"
      }
    },
    "@vcl/select": {
      "version": "0.4.2",
      "resolved": "https://registry.npmjs.org/@vcl/select/-/select-0.4.2.tgz",
      "integrity": "sha512-G4nd3tq4vCTz06M/wpCzqc2FLlJ0ptsOcj7iLASLiStwXk0SWdFGIjjcMuMQgwpw9Srkq1SdzJaq527KLltmcg==",
      "requires": {
        "@vcl/theme": "^0.4.2",
        "normalize.css": "^8.0.1"
      }
    },
    "@vcl/size-modulation": {
      "version": "0.4.2",
      "resolved": "https://registry.npmjs.org/@vcl/size-modulation/-/size-modulation-0.4.2.tgz",
      "integrity": "sha512-Nv+9rlu9lohYEtBStMpUwHeb+fDYOlueSQOWko2glNmz2VfK0INMJTOuZUhqAoIX13pdoMjcnAZi3GdjT/kNoQ==",
      "requires": {
        "@vcl/theme": "^0.4.2",
        "normalize.css": "^8.0.1"
      }
    },
    "@vcl/slider": {
      "version": "0.4.2",
      "resolved": "https://registry.npmjs.org/@vcl/slider/-/slider-0.4.2.tgz",
      "integrity": "sha512-I1/CWujPNaF+gCTdmmFljOQ72Wz4ktlNKiOdhyMJ3+KIRxScOwa3yD1Wht6xZWO3eqlOlnxWfVKcuxWeU0+qWA==",
      "requires": {
        "@vcl/theme": "^0.4.2",
        "normalize.css": "^8.0.1"
      }
    },
    "@vcl/spinner": {
      "version": "0.4.2",
      "resolved": "https://registry.npmjs.org/@vcl/spinner/-/spinner-0.4.2.tgz",
      "integrity": "sha512-JP+iPJIuTPzvGMl3wblNtU2Qjx8J3zDYNKDRebhrpyxDJrLPZckt0oc9yr7pioMbxCylAdIKFUZsupQO73PgyQ==",
      "requires": {
        "@vcl/theme": "^0.4.2",
        "normalize.css": "^8.0.1"
      }
    },
    "@vcl/tab-nav": {
      "version": "0.4.2",
      "resolved": "https://registry.npmjs.org/@vcl/tab-nav/-/tab-nav-0.4.2.tgz",
      "integrity": "sha512-shEQ9dWinDlOk4utvzti6dPpPpxTaJq6VEzqukCLCJMWKlCYVyJH56jHGFWMOGxr2DWYJvXQxfBJon8au9sZPw==",
      "requires": {
        "@vcl/theme": "^0.4.2",
        "normalize.css": "^8.0.1"
      }
    },
    "@vcl/table": {
      "version": "0.4.2",
      "resolved": "https://registry.npmjs.org/@vcl/table/-/table-0.4.2.tgz",
      "integrity": "sha512-HRem6vlgGFtXHgbqLJ1hsIaPCjdArjF+7PA3lfVGveu1FtFq+uZeUmwPh/00oMhbrlsUPmYE1O3xWZ8WEKLssg==",
      "requires": {
        "@vcl/theme": "^0.4.2",
        "normalize.css": "8.0.1"
      }
    },
    "@vcl/table-extras": {
      "version": "0.4.2",
      "resolved": "https://registry.npmjs.org/@vcl/table-extras/-/table-extras-0.4.2.tgz",
      "integrity": "sha512-4qEo4P7PARLxSsZfIvSVVf4NGScaXCRKhVferbh0X6kAb0qmPbR3bEmE/d+CqcQaLBtpZnKohhOo9ZVB33IZnQ==",
      "requires": {
        "@vcl/table": "^0.4.2",
        "@vcl/theme": "^0.4.2",
        "normalize.css": "^8.0.1"
      }
    },
    "@vcl/theme": {
      "version": "0.4.2",
      "resolved": "https://registry.npmjs.org/@vcl/theme/-/theme-0.4.2.tgz",
      "integrity": "sha512-BhzCroSvZZvWG5gMXK8alGec5UQ8D3VWkFR96hfLlz7Y/DhoAlCKs8DvNPtvIoDaTOPeOpHz03wgSEi33kvRAQ=="
    },
    "@vcl/token": {
      "version": "0.4.2",
      "resolved": "https://registry.npmjs.org/@vcl/token/-/token-0.4.2.tgz",
      "integrity": "sha512-d5LHeJH7UbIBtEW2HAWhG9W66akhDcuSysBTAQxq25sUdtCM+p5D3svzI6UQlC7k19nrJ9ygy3AT97W3/FBj/Q==",
      "requires": {
        "@vcl/theme": "^0.4.2",
        "normalize.css": "^8.0.1"
      }
    },
    "@vcl/token-input": {
      "version": "0.4.3",
      "resolved": "https://registry.npmjs.org/@vcl/token-input/-/token-input-0.4.3.tgz",
      "integrity": "sha512-SQyaNVe1YiLMkNBbe4IQ6C2bIUGKkJ43N7urzFx0hcNFHZAdX7vNFswGG1AzlCbQpVZSrSpiNSPqeoxVFr+67A==",
      "requires": {
        "@vcl/theme": "^0.4.2",
        "@vcl/token": "^0.4.2",
        "normalize.css": "^8.0.1"
      }
    },
    "@vcl/toolbar": {
      "version": "0.4.2",
      "resolved": "https://registry.npmjs.org/@vcl/toolbar/-/toolbar-0.4.2.tgz",
      "integrity": "sha512-rFI++5FNf4Etyr5aPFlwexLbeJfeSl4TITzJUWBl+7Cn349VyXQvOpCPygfhHo0+lQaUli4vlgsqxVhhrq8pSw==",
      "requires": {
        "@vcl/theme": "^0.4.2",
        "normalize.css": "8.0.1"
      }
    },
    "@vcl/tooltip": {
      "version": "0.4.2",
      "resolved": "https://registry.npmjs.org/@vcl/tooltip/-/tooltip-0.4.2.tgz",
      "integrity": "sha512-NvlzIu1dw5Q9Fkq4ux+4EneJssZb2PtiCc3dF9zjHQdyYcuoJBXhiEvOPjy5vZpoSnqySEhkyiZRr/v+Qc0bKA==",
      "requires": {
        "@vcl/theme": "^0.4.2",
        "normalize.css": "^8.0.1"
      }
    },
    "@vcl/typography": {
      "version": "0.4.2",
      "resolved": "https://registry.npmjs.org/@vcl/typography/-/typography-0.4.2.tgz",
      "integrity": "sha512-wQK5bNkPXZl6TE61OaFmAKu+b/qwPwJoyGimZq7o4+61157UWjB7RePLibrwTTrCAbr9/Cw/VCP/tP/8bKdssA==",
      "requires": {
        "@vcl/theme": "^0.4.2",
        "normalize.css": "^8.0.1"
      }
    },
    "@vcl/utils": {
      "version": "0.4.2",
      "resolved": "https://registry.npmjs.org/@vcl/utils/-/utils-0.4.2.tgz",
      "integrity": "sha512-dGmSz58FIZFSXLDvCrUziqoPFU08CGGsdIIH8aJ7peGwZNdMDwLwcw/bB7vf1qbAsIDAro8BlBsc5s40aX5qYA==",
      "requires": {
        "@vcl/theme": "^0.4.2",
        "normalize.css": "^8.0.1"
      }
    },
    "@vcl/zoom-box": {
      "version": "0.4.2",
      "resolved": "https://registry.npmjs.org/@vcl/zoom-box/-/zoom-box-0.4.2.tgz",
      "integrity": "sha512-lDZ3qBF6cqUcEHII6d058bDpLsn8VcGYNIKgBj7NQYAs8bJOWOyEgtSjgncU6YDUJaLXyqoitnIhFIJ4nsiHRA==",
      "requires": {
        "@vcl/theme": "^0.4.2",
        "normalize.css": "^8.0.1"
      }
    },
    "normalize.css": {
      "version": "8.0.1",
      "resolved": "https://registry.npmjs.org/normalize.css/-/normalize.css-8.0.1.tgz",
      "integrity": "sha512-qizSNPO93t1YUuUhP22btGOo3chcvDFqFaj2TRybP0DMxkHOCTYwp3n34fel4a31ORXy4m1Xq0Gyqpb5m33qIg=="
    }
  }
}
