{
  "name": "@vcl/restore-theme",
  "version": "0.4.0-beta.0",
  "lockfileVersion": 1,
  "requires": true,
  "dependencies": {
    "@vcl/default-theme": {
      "version": "0.4.0-beta.0",
      "resolved": "https://registry.npmjs.org/@vcl/default-theme/-/default-theme-0.4.0-beta.0.tgz",
      "integrity": "sha512-ZTNP3uA8WewOGtQoCJOUwXCxsloH3BZfFbQB3Ye9EV4qwoqWta2v6+xcvr8h8SG0Gj9kLd6SS00jchYKsJx80g=="
    }
  }
}
